
Microsoft Visual Studio Solution File, Format Version 12.00
# Visual Studio Version 16
VisualStudioVersion = 16.0.31911.196
MinimumVisualStudioVersion = 10.0.40219.1
Project("{FAE04EC0-301F-11D3-BF4B-00C04F79EFBC}") = "LibraryManagementConsoleApp", "LibraryManagementConsoleApp.csproj", "{D99116D2-B3C5-4E08-9178-F442E4B7F14E}"
EndProject
Global
	GlobalSection(SolutionConfigurationPlatforms) = preSolution
		Debug|Any CPU = Debug|Any CPU
		Release|Any CPU = Release|Any CPU
	EndGlobalSection
	GlobalSection(ProjectConfigurationPlatforms) = postSolution
		{D99116D2-B3C5-4E08-9178-F442E4B7F14E}.Debug|Any CPU.ActiveCfg = Debug|Any CPU
		{D99116D2-B3C5-4E08-9178-F442E4B7F14E}.Debug|Any CPU.Build.0 = Debug|Any CPU
		{D99116D2-B3C5-4E08-9178-F442E4B7F14E}.Release|Any CPU.ActiveCfg = Release|Any CPU
		{D99116D2-B3C5-4E08-9178-F442E4B7F14E}.Release|Any CPU.Build.0 = Release|Any CPU
	EndGlobalSection
	GlobalSection(SolutionProperties) = preSolution
		HideSolutionNode = FALSE
	EndGlobalSection
	GlobalSection(ExtensibilityGlobals) = postSolution
		SolutionGuid = {50E68152-1FE0-4C6C-B383-C83B8A8D7C56}
	EndGlobalSection
EndGlobal
